
Microsoft Visual Studio Solution File, Format Version 12.00
# Visual Studio Version 16
VisualStudioVersion = 16.0.31624.102
MinimumVisualStudioVersion = 10.0.40219.1
Project("{2150E333-8FDC-42A3-9474-1A3956D46DE8}") = "Microservices", "Microservices", "{DE9EAEA2-B1D0-441B-A768-97FE2DF33EFE}"
EndProject
Project("{FAE04EC0-301F-11D3-BF4B-00C04F79EFBC}") = "CustomerApi", "CustomerApi\CustomerApi.csproj", "{67F71F5B-024C-4E6D-B345-CBA4F1BF971F}"
EndProject
Project("{FAE04EC0-301F-11D3-BF4B-00C04F79EFBC}") = "OrderApi", "OrderApi\OrderApi.csproj", "{EC379EA9-5543-40B8-9E84-CA3A80F0AE9D}"
EndProject
Project("{FAE04EC0-301F-11D3-BF4B-00C04F79EFBC}") = "APIGateway", "APIGateway\APIGateway.csproj", "{C8E95901-2A55-4530-8A1B-7C37F8BDB22B}"
EndProject
Global
	GlobalSection(SolutionConfigurationPlatforms) = preSolution
		Debug|Any CPU = Debug|Any CPU
		Release|Any CPU = Release|Any CPU
	EndGlobalSection
	GlobalSection(ProjectConfigurationPlatforms) = postSolution
		{67F71F5B-024C-4E6D-B345-CBA4F1BF971F}.Debug|Any CPU.ActiveCfg = Debug|Any CPU
		{67F71F5B-024C-4E6D-B345-CBA4F1BF971F}.Debug|Any CPU.Build.0 = Debug|Any CPU
		{67F71F5B-024C-4E6D-B345-CBA4F1BF971F}.Release|Any CPU.ActiveCfg = Release|Any CPU
		{67F71F5B-024C-4E6D-B345-CBA4F1BF971F}.Release|Any CPU.Build.0 = Release|Any CPU
		{EC379EA9-5543-40B8-9E84-CA3A80F0AE9D}.Debug|Any CPU.ActiveCfg = Debug|Any CPU
		{EC379EA9-5543-40B8-9E84-CA3A80F0AE9D}.Debug|Any CPU.Build.0 = Debug|Any CPU
		{EC379EA9-5543-40B8-9E84-CA3A80F0AE9D}.Release|Any CPU.ActiveCfg = Release|Any CPU
		{EC379EA9-5543-40B8-9E84-CA3A80F0AE9D}.Release|Any CPU.Build.0 = Release|Any CPU
		{C8E95901-2A55-4530-8A1B-7C37F8BDB22B}.Debug|Any CPU.ActiveCfg = Debug|Any CPU
		{C8E95901-2A55-4530-8A1B-7C37F8BDB22B}.Debug|Any CPU.Build.0 = Debug|Any CPU
		{C8E95901-2A55-4530-8A1B-7C37F8BDB22B}.Release|Any CPU.ActiveCfg = Release|Any CPU
		{C8E95901-2A55-4530-8A1B-7C37F8BDB22B}.Release|Any CPU.Build.0 = Release|Any CPU
	EndGlobalSection
	GlobalSection(SolutionProperties) = preSolution
		HideSolutionNode = FALSE
	EndGlobalSection
	GlobalSection(NestedProjects) = preSolution
		{67F71F5B-024C-4E6D-B345-CBA4F1BF971F} = {DE9EAEA2-B1D0-441B-A768-97FE2DF33EFE}
		{EC379EA9-5543-40B8-9E84-CA3A80F0AE9D} = {DE9EAEA2-B1D0-441B-A768-97FE2DF33EFE}
	EndGlobalSection
	GlobalSection(ExtensibilityGlobals) = postSolution
		SolutionGuid = {DDBFB3C7-A3DB-447A-AA97-59FB8E0AB042}
	EndGlobalSection
EndGlobal
